
Microsoft Visual Studio Solution File, Format Version 12.00
# Visual Studio 15
VisualStudioVersion = 15.0.26124.0
MinimumVisualStudioVersion = 15.0.26124.0
Project("{2150E333-8FDC-42A3-9474-1A3956D46DE8}") = "src", "src", "{728A1EF7-5DB6-443C-8727-55BAABACAF84}"
EndProject
Project("{9A19103F-16F7-4668-BE54-9A1E7A4F7556}") = "vNext.Core", "src\vNext.Core\vNext.Core.csproj", "{F195927B-2309-44C2-B75B-B8538052513F}"
EndProject
Project("{9A19103F-16F7-4668-BE54-9A1E7A4F7556}") = "vNext.Infrastructure", "src\vNext.Infrastructure\vNext.Infrastructure.csproj", "{BDF8B7DB-ABCA-429E-B2AD-F302F59C02CC}"
EndProject
Project("{9A19103F-16F7-4668-BE54-9A1E7A4F7556}") = "vNext.API", "src\vNext.API\vNext.API.csproj", "{3DCA4287-829B-4849-8AA6-54BF49671C5E}"
EndProject
Project("{9A19103F-16F7-4668-BE54-9A1E7A4F7556}") = "vNext.SPA", "src\vNext.SPA\vNext.SPA.csproj", "{3BA20181-8CAD-44CD-AD09-796A876268CD}"
EndProject
Project("{2150E333-8FDC-42A3-9474-1A3956D46DE8}") = "test", "test", "{238BA5B7-D3F5-4647-901D-E2281D6A72DB}"
EndProject
Project("{9A19103F-16F7-4668-BE54-9A1E7A4F7556}") = "IntegrationTests", "test\IntegrationTests\IntegrationTests.csproj", "{19CBEFF7-7CB1-4A62-B6AC-5B5E2A34EB89}"
EndProject
Project("{9A19103F-16F7-4668-BE54-9A1E7A4F7556}") = "UnitTests", "test\UnitTests\UnitTests.csproj", "{2F3BA66F-6D96-4F06-A4B7-71AED6A08668}"
EndProject
Project("{2150E333-8FDC-42A3-9474-1A3956D46DE8}") = "benchmark", "benchmark", "{CDA009F9-2A6B-48FF-96CF-B3824BDC1746}"
EndProject
Project("{9A19103F-16F7-4668-BE54-9A1E7A4F7556}") = "Benchmarks", "benchmark\Benchmarks\Benchmarks.csproj", "{3C1D5260-410E-400F-A260-E7A47B352C93}"
EndProject
Project("{9A19103F-16F7-4668-BE54-9A1E7A4F7556}") = "vNext.ServiceBus", "src\vNext.EventBus.ServiceBus\vNext.ServiceBus.csproj", "{B96E495E-0C0A-4783-BE9E-5E36141E4AB5}"
EndProject
Global
	GlobalSection(SolutionConfigurationPlatforms) = preSolution
		Debug|Any CPU = Debug|Any CPU
		Debug|x64 = Debug|x64
		Debug|x86 = Debug|x86
		Release|Any CPU = Release|Any CPU
		Release|x64 = Release|x64
		Release|x86 = Release|x86
	EndGlobalSection
	GlobalSection(ProjectConfigurationPlatforms) = postSolution
		{F195927B-2309-44C2-B75B-B8538052513F}.Debug|Any CPU.ActiveCfg = Debug|Any CPU
		{F195927B-2309-44C2-B75B-B8538052513F}.Debug|Any CPU.Build.0 = Debug|Any CPU
		{F195927B-2309-44C2-B75B-B8538052513F}.Debug|x64.ActiveCfg = Debug|Any CPU
		{F195927B-2309-44C2-B75B-B8538052513F}.Debug|x64.Build.0 = Debug|Any CPU
		{F195927B-2309-44C2-B75B-B8538052513F}.Debug|x86.ActiveCfg = Debug|Any CPU
		{F195927B-2309-44C2-B75B-B8538052513F}.Debug|x86.Build.0 = Debug|Any CPU
		{F195927B-2309-44C2-B75B-B8538052513F}.Release|Any CPU.ActiveCfg = Release|Any CPU
		{F195927B-2309-44C2-B75B-B8538052513F}.Release|Any CPU.Build.0 = Release|Any CPU
		{F195927B-2309-44C2-B75B-B8538052513F}.Release|x64.ActiveCfg = Release|Any CPU
		{F195927B-2309-44C2-B75B-B8538052513F}.Release|x64.Build.0 = Release|Any CPU
		{F195927B-2309-44C2-B75B-B8538052513F}.Release|x86.ActiveCfg = Release|Any CPU
		{F195927B-2309-44C2-B75B-B8538052513F}.Release|x86.Build.0 = Release|Any CPU
		{BDF8B7DB-ABCA-429E-B2AD-F302F59C02CC}.Debug|Any CPU.ActiveCfg = Debug|Any CPU
		{BDF8B7DB-ABCA-429E-B2AD-F302F59C02CC}.Debug|Any CPU.Build.0 = Debug|Any CPU
		{BDF8B7DB-ABCA-429E-B2AD-F302F59C02CC}.Debug|x64.ActiveCfg = Debug|Any CPU
		{BDF8B7DB-ABCA-429E-B2AD-F302F59C02CC}.Debug|x64.Build.0 = Debug|Any CPU
		{BDF8B7DB-ABCA-429E-B2AD-F302F59C02CC}.Debug|x86.ActiveCfg = Debug|Any CPU
		{BDF8B7DB-ABCA-429E-B2AD-F302F59C02CC}.Debug|x86.Build.0 = Debug|Any CPU
		{BDF8B7DB-ABCA-429E-B2AD-F302F59C02CC}.Release|Any CPU.ActiveCfg = Release|Any CPU
		{BDF8B7DB-ABCA-429E-B2AD-F302F59C02CC}.Release|Any CPU.Build.0 = Release|Any CPU
		{BDF8B7DB-ABCA-429E-B2AD-F302F59C02CC}.Release|x64.ActiveCfg = Release|Any CPU
		{BDF8B7DB-ABCA-429E-B2AD-F302F59C02CC}.Release|x64.Build.0 = Release|Any CPU
		{BDF8B7DB-ABCA-429E-B2AD-F302F59C02CC}.Release|x86.ActiveCfg = Release|Any CPU
		{BDF8B7DB-ABCA-429E-B2AD-F302F59C02CC}.Release|x86.Build.0 = Release|Any CPU
		{3DCA4287-829B-4849-8AA6-54BF49671C5E}.Debug|Any CPU.ActiveCfg = Debug|Any CPU
		{3DCA4287-829B-4849-8AA6-54BF49671C5E}.Debug|Any CPU.Build.0 = Debug|Any CPU
		{3DCA4287-829B-4849-8AA6-54BF49671C5E}.Debug|x64.ActiveCfg = Debug|Any CPU
		{3DCA4287-829B-4849-8AA6-54BF49671C5E}.Debug|x64.Build.0 = Debug|Any CPU
		{3DCA4287-829B-4849-8AA6-54BF49671C5E}.Debug|x86.ActiveCfg = Debug|Any CPU
		{3DCA4287-829B-4849-8AA6-54BF49671C5E}.Debug|x86.Build.0 = Debug|Any CPU
		{3DCA4287-829B-4849-8AA6-54BF49671C5E}.Release|Any CPU.ActiveCfg = Release|Any CPU
		{3DCA4287-829B-4849-8AA6-54BF49671C5E}.Release|Any CPU.Build.0 = Release|Any CPU
		{3DCA4287-829B-4849-8AA6-54BF49671C5E}.Release|x64.ActiveCfg = Release|Any CPU
		{3DCA4287-829B-4849-8AA6-54BF49671C5E}.Release|x64.Build.0 = Release|Any CPU
		{3DCA4287-829B-4849-8AA6-54BF49671C5E}.Release|x86.ActiveCfg = Release|Any CPU
		{3DCA4287-829B-4849-8AA6-54BF49671C5E}.Release|x86.Build.0 = Release|Any CPU
		{3BA20181-8CAD-44CD-AD09-796A876268CD}.Debug|Any CPU.ActiveCfg = Debug|Any CPU
		{3BA20181-8CAD-44CD-AD09-796A876268CD}.Debug|Any CPU.Build.0 = Debug|Any CPU
		{3BA20181-8CAD-44CD-AD09-796A876268CD}.Debug|x64.ActiveCfg = Debug|Any CPU
		{3BA20181-8CAD-44CD-AD09-796A876268CD}.Debug|x64.Build.0 = Debug|Any CPU
		{3BA20181-8CAD-44CD-AD09-796A876268CD}.Debug|x86.ActiveCfg = Debug|Any CPU
		{3BA20181-8CAD-44CD-AD09-796A876268CD}.Debug|x86.Build.0 = Debug|Any CPU
		{3BA20181-8CAD-44CD-AD09-796A876268CD}.Release|Any CPU.ActiveCfg = Release|Any CPU
		{3BA20181-8CAD-44CD-AD09-796A876268CD}.Release|Any CPU.Build.0 = Release|Any CPU
		{3BA20181-8CAD-44CD-AD09-796A876268CD}.Release|x64.ActiveCfg = Release|Any CPU
		{3BA20181-8CAD-44CD-AD09-796A876268CD}.Release|x64.Build.0 = Release|Any CPU
		{3BA20181-8CAD-44CD-AD09-796A876268CD}.Release|x86.ActiveCfg = Release|Any CPU
		{3BA20181-8CAD-44CD-AD09-796A876268CD}.Release|x86.Build.0 = Release|Any CPU
		{19CBEFF7-7CB1-4A62-B6AC-5B5E2A34EB89}.Debug|Any CPU.ActiveCfg = Debug|Any CPU
		{19CBEFF7-7CB1-4A62-B6AC-5B5E2A34EB89}.Debug|Any CPU.Build.0 = Debug|Any CPU
		{19CBEFF7-7CB1-4A62-B6AC-5B5E2A34EB89}.Debug|x64.ActiveCfg = Debug|Any CPU
		{19CBEFF7-7CB1-4A62-B6AC-5B5E2A34EB89}.Debug|x64.Build.0 = Debug|Any CPU
		{19CBEFF7-7CB1-4A62-B6AC-5B5E2A34EB89}.Debug|x86.ActiveCfg = Debug|Any CPU
		{19CBEFF7-7CB1-4A62-B6AC-5B5E2A34EB89}.Debug|x86.Build.0 = Debug|Any CPU
		{19CBEFF7-7CB1-4A62-B6AC-5B5E2A34EB89}.Release|Any CPU.ActiveCfg = Release|Any CPU
		{19CBEFF7-7CB1-4A62-B6AC-5B5E2A34EB89}.Release|Any CPU.Build.0 = Release|Any CPU
		{19CBEFF7-7CB1-4A62-B6AC-5B5E2A34EB89}.Release|x64.ActiveCfg = Release|Any CPU
		{19CBEFF7-7CB1-4A62-B6AC-5B5E2A34EB89}.Release|x64.Build.0 = Release|Any CPU
		{19CBEFF7-7CB1-4A62-B6AC-5B5E2A34EB89}.Release|x86.ActiveCfg = Release|Any CPU
		{19CBEFF7-7CB1-4A62-B6AC-5B5E2A34EB89}.Release|x86.Build.0 = Release|Any CPU
		{2F3BA66F-6D96-4F06-A4B7-71AED6A08668}.Debug|Any CPU.ActiveCfg = Debug|Any CPU
		{2F3BA66F-6D96-4F06-A4B7-71AED6A08668}.Debug|Any CPU.Build.0 = Debug|Any CPU
		{2F3BA66F-6D96-4F06-A4B7-71AED6A08668}.Debug|x64.ActiveCfg = Debug|Any CPU
		{2F3BA66F-6D96-4F06-A4B7-71AED6A08668}.Debug|x64.Build.0 = Debug|Any CPU
		{2F3BA66F-6D96-4F06-A4B7-71AED6A08668}.Debug|x86.ActiveCfg = Debug|Any CPU
		{2F3BA66F-6D96-4F06-A4B7-71AED6A08668}.Debug|x86.Build.0 = Debug|Any CPU
		{2F3BA66F-6D96-4F06-A4B7-71AED6A08668}.Release|Any CPU.ActiveCfg = Release|Any CPU
		{2F3BA66F-6D96-4F06-A4B7-71AED6A08668}.Release|Any CPU.Build.0 = Release|Any CPU
		{2F3BA66F-6D96-4F06-A4B7-71AED6A08668}.Release|x64.ActiveCfg = Release|Any CPU
		{2F3BA66F-6D96-4F06-A4B7-71AED6A08668}.Release|x64.Build.0 = Release|Any CPU
		{2F3BA66F-6D96-4F06-A4B7-71AED6A08668}.Release|x86.ActiveCfg = Release|Any CPU
		{2F3BA66F-6D96-4F06-A4B7-71AED6A08668}.Release|x86.Build.0 = Release|Any CPU
		{3C1D5260-410E-400F-A260-E7A47B352C93}.Debug|Any CPU.ActiveCfg = Debug|Any CPU
		{3C1D5260-410E-400F-A260-E7A47B352C93}.Debug|Any CPU.Build.0 = Debug|Any CPU
		{3C1D5260-410E-400F-A260-E7A47B352C93}.Debug|x64.ActiveCfg = Debug|Any CPU
		{3C1D5260-410E-400F-A260-E7A47B352C93}.Debug|x64.Build.0 = Debug|Any CPU
		{3C1D5260-410E-400F-A260-E7A47B352C93}.Debug|x86.ActiveCfg = Debug|Any CPU
		{3C1D5260-410E-400F-A260-E7A47B352C93}.Debug|x86.Build.0 = Debug|Any CPU
		{3C1D5260-410E-400F-A260-E7A47B352C93}.Release|Any CPU.ActiveCfg = Release|Any CPU
		{3C1D5260-410E-400F-A260-E7A47B352C93}.Release|Any CPU.Build.0 = Release|Any CPU
		{3C1D5260-410E-400F-A260-E7A47B352C93}.Release|x64.ActiveCfg = Release|Any CPU
		{3C1D5260-410E-400F-A260-E7A47B352C93}.Release|x64.Build.0 = Release|Any CPU
		{3C1D5260-410E-400F-A260-E7A47B352C93}.Release|x86.ActiveCfg = Release|Any CPU
		{3C1D5260-410E-400F-A260-E7A47B352C93}.Release|x86.Build.0 = Release|Any CPU
		{B96E495E-0C0A-4783-BE9E-5E36141E4AB5}.Debug|Any CPU.ActiveCfg = Debug|Any CPU
		{B96E495E-0C0A-4783-BE9E-5E36141E4AB5}.Debug|Any CPU.Build.0 = Debug|Any CPU
		{B96E495E-0C0A-4783-BE9E-5E36141E4AB5}.Debug|x64.ActiveCfg = Debug|Any CPU
		{B96E495E-0C0A-4783-BE9E-5E36141E4AB5}.Debug|x64.Build.0 = Debug|Any CPU
		{B96E495E-0C0A-4783-BE9E-5E36141E4AB5}.Debug|x86.ActiveCfg = Debug|Any CPU
		{B96E495E-0C0A-4783-BE9E-5E36141E4AB5}.Debug|x86.Build.0 = Debug|Any CPU
		{B96E495E-0C0A-4783-BE9E-5E36141E4AB5}.Release|Any CPU.ActiveCfg = Release|Any CPU
		{B96E495E-0C0A-4783-BE9E-5E36141E4AB5}.Release|Any CPU.Build.0 = Release|Any CPU
		{B96E495E-0C0A-4783-BE9E-5E36141E4AB5}.Release|x64.ActiveCfg = Release|Any CPU
		{B96E495E-0C0A-4783-BE9E-5E36141E4AB5}.Release|x64.Build.0 = Release|Any CPU
		{B96E495E-0C0A-4783-BE9E-5E36141E4AB5}.Release|x86.ActiveCfg = Release|Any CPU
		{B96E495E-0C0A-4783-BE9E-5E36141E4AB5}.Release|x86.Build.0 = Release|Any CPU
	EndGlobalSection
	GlobalSection(SolutionProperties) = preSolution
		HideSolutionNode = FALSE
	EndGlobalSection
	GlobalSection(NestedProjects) = preSolution
		{F195927B-2309-44C2-B75B-B8538052513F} = {728A1EF7-5DB6-443C-8727-55BAABACAF84}
		{BDF8B7DB-ABCA-429E-B2AD-F302F59C02CC} = {728A1EF7-5DB6-443C-8727-55BAABACAF84}
		{3DCA4287-829B-4849-8AA6-54BF49671C5E} = {728A1EF7-5DB6-443C-8727-55BAABACAF84}
		{3BA20181-8CAD-44CD-AD09-796A876268CD} = {728A1EF7-5DB6-443C-8727-55BAABACAF84}
		{19CBEFF7-7CB1-4A62-B6AC-5B5E2A34EB89} = {238BA5B7-D3F5-4647-901D-E2281D6A72DB}
		{2F3BA66F-6D96-4F06-A4B7-71AED6A08668} = {238BA5B7-D3F5-4647-901D-E2281D6A72DB}
		{3C1D5260-410E-400F-A260-E7A47B352C93} = {CDA009F9-2A6B-48FF-96CF-B3824BDC1746}
		{B96E495E-0C0A-4783-BE9E-5E36141E4AB5} = {728A1EF7-5DB6-443C-8727-55BAABACAF84}
	EndGlobalSection
	GlobalSection(ExtensibilityGlobals) = postSolution
		SolutionGuid = {B6276238-F7BA-4685-91C8-6D79C2DB05D8}
	EndGlobalSection
EndGlobal
