
Microsoft Visual Studio Solution File, Format Version 12.00
# Visual Studio 15
VisualStudioVersion = 15.0.28010.2003
MinimumVisualStudioVersion = 10.0.40219.1
Project("{A07B5EB6-E848-4116-A8D0-A826331D98C6}") = "vNext.ServiceFabric", "vNext.ServiceFabric\vNext.ServiceFabric.sfproj", "{0C03A089-BFD9-434F-BB65-3102D26F4C0A}"
EndProject
Project("{FAE04EC0-301F-11D3-BF4B-00C04F79EFBC}") = "vNext.ServiceFabric.SPA", "vNext.ServiceFabric.SPA\vNext.ServiceFabric.SPA.csproj", "{498BC52E-4588-46FC-9321-71F5D2D01F25}"
EndProject
Global
	GlobalSection(SolutionConfigurationPlatforms) = preSolution
		Debug|Any CPU = Debug|Any CPU
		Debug|x64 = Debug|x64
		Release|Any CPU = Release|Any CPU
		Release|x64 = Release|x64
	EndGlobalSection
	GlobalSection(ProjectConfigurationPlatforms) = postSolution
		{0C03A089-BFD9-434F-BB65-3102D26F4C0A}.Debug|Any CPU.ActiveCfg = Debug|x64
		{0C03A089-BFD9-434F-BB65-3102D26F4C0A}.Debug|x64.ActiveCfg = Debug|x64
		{0C03A089-BFD9-434F-BB65-3102D26F4C0A}.Debug|x64.Build.0 = Debug|x64
		{0C03A089-BFD9-434F-BB65-3102D26F4C0A}.Debug|x64.Deploy.0 = Debug|x64
		{0C03A089-BFD9-434F-BB65-3102D26F4C0A}.Release|Any CPU.ActiveCfg = Release|x64
		{0C03A089-BFD9-434F-BB65-3102D26F4C0A}.Release|x64.ActiveCfg = Release|x64
		{0C03A089-BFD9-434F-BB65-3102D26F4C0A}.Release|x64.Build.0 = Release|x64
		{0C03A089-BFD9-434F-BB65-3102D26F4C0A}.Release|x64.Deploy.0 = Release|x64
		{498BC52E-4588-46FC-9321-71F5D2D01F25}.Debug|Any CPU.ActiveCfg = Debug|Any CPU
		{498BC52E-4588-46FC-9321-71F5D2D01F25}.Debug|Any CPU.Build.0 = Debug|Any CPU
		{498BC52E-4588-46FC-9321-71F5D2D01F25}.Debug|x64.ActiveCfg = Debug|Any CPU
		{498BC52E-4588-46FC-9321-71F5D2D01F25}.Debug|x64.Build.0 = Debug|Any CPU
		{498BC52E-4588-46FC-9321-71F5D2D01F25}.Release|Any CPU.ActiveCfg = Release|Any CPU
		{498BC52E-4588-46FC-9321-71F5D2D01F25}.Release|Any CPU.Build.0 = Release|Any CPU
		{498BC52E-4588-46FC-9321-71F5D2D01F25}.Release|x64.ActiveCfg = Release|Any CPU
		{498BC52E-4588-46FC-9321-71F5D2D01F25}.Release|x64.Build.0 = Release|Any CPU
	EndGlobalSection
	GlobalSection(SolutionProperties) = preSolution
		HideSolutionNode = FALSE
	EndGlobalSection
	GlobalSection(ExtensibilityGlobals) = postSolution
		SolutionGuid = {DD46A4AE-7F99-4DC8-A80F-4AE34F0E225D}
	EndGlobalSection
EndGlobal
